
Microsoft Visual Studio Solution File, Format Version 12.00
# Visual Studio Version 16
VisualStudioVersion = 16.0.29025.244
MinimumVisualStudioVersion = 10.0.40219.1
Project("{FAE04EC0-301F-11D3-BF4B-00C04F79EFBC}") = "SetProductsLanguages", "SetProductsLanguages\SetProductsLanguages.csproj", "{F95798E9-6284-43CE-BFD9-6A676D51F7F6}"
EndProject
Global
	GlobalSection(SolutionConfigurationPlatforms) = preSolution
		Debug|Any CPU = Debug|Any CPU
		Release|Any CPU = Release|Any CPU
	EndGlobalSection
	GlobalSection(ProjectConfigurationPlatforms) = postSolution
		{F95798E9-6284-43CE-BFD9-6A676D51F7F6}.Debug|Any CPU.ActiveCfg = Debug|Any CPU
		{F95798E9-6284-43CE-BFD9-6A676D51F7F6}.Debug|Any CPU.Build.0 = Debug|Any CPU
		{F95798E9-6284-43CE-BFD9-6A676D51F7F6}.Release|Any CPU.ActiveCfg = Release|Any CPU
		{F95798E9-6284-43CE-BFD9-6A676D51F7F6}.Release|Any CPU.Build.0 = Release|Any CPU
	EndGlobalSection
	GlobalSection(SolutionProperties) = preSolution
		HideSolutionNode = FALSE
	EndGlobalSection
	GlobalSection(ExtensibilityGlobals) = postSolution
		SolutionGuid = {4FBB0171-8DD0-410D-AA59-6C8C270431D7}
	EndGlobalSection
EndGlobal
